
Microsoft Visual Studio Solution File, Format Version 11.00
# Visual Studio 2010
Project("{8BC9CEB8-8B4A-11D0-8D11-00A0C91BC942}") = "TTF Parser", "TTF Parser\TTF Parser.vcxproj", "{DDE8E07D-0B11-4878-8774-5FDD07BEBF62}"
EndProject
Global
	GlobalSection(SolutionConfigurationPlatforms) = preSolution
		Debug|Win32 = Debug|Win32
		Release|Win32 = Release|Win32
	EndGlobalSection
	GlobalSection(ProjectConfigurationPlatforms) = postSolution
		{DDE8E07D-0B11-4878-8774-5FDD07BEBF62}.Debug|Win32.ActiveCfg = Debug|Win32
		{DDE8E07D-0B11-4878-8774-5FDD07BEBF62}.Debug|Win32.Build.0 = Debug|Win32
		{DDE8E07D-0B11-4878-8774-5FDD07BEBF62}.Release|Win32.ActiveCfg = Release|Win32
		{DDE8E07D-0B11-4878-8774-5FDD07BEBF62}.Release|Win32.Build.0 = Release|Win32
	EndGlobalSection
	GlobalSection(SolutionProperties) = preSolution
		HideSolutionNode = FALSE
	EndGlobalSection
EndGlobal
