<?xml version="1.0" encoding="utf-8"?>
<Project ToolsVersion="4.0" xmlns="http://schemas.microsoft.com/developer/msbuild/2003">
  <ItemGroup>
    <Filter Include="Source Files">
      <UniqueIdentifier>{4FC737F1-C7A5-4376-A066-2A32D752A2FF}</UniqueIdentifier>
      <Extensions>cpp;c;cc;cxx;def;odl;idl;hpj;bat;asm;asmx</Extensions>
    </Filter>
    <Filter Include="Header Files">
      <UniqueIdentifier>{93995380-89BD-4b04-88EB-625FBE52EBFB}</UniqueIdentifier>
      <Extensions>h;hpp;hxx;hm;inl;inc;xsd</Extensions>
    </Filter>
    <Filter Include="Resource Files">
      <UniqueIdentifier>{67DA6AB6-F800-4c08-8B7A-83BB121AAD01}</UniqueIdentifier>
      <Extensions>rc;ico;cur;bmp;dlg;rc2;rct;bin;rgs;gif;jpg;jpeg;jpe;resx;tiff;tif;png;wav;mfcribbon-ms</Extensions>
    </Filter>
  </ItemGroup>
  <ItemGroup>
    <ClCompile Include="character_to_glyph_mapping_table.cc">
      <Filter>Source Files</Filter>
    </ClCompile>
    <ClCompile Include="font_header.cc">
      <Filter>Source Files</Filter>
    </ClCompile>
    <ClCompile Include="glyph_data.cc">
      <Filter>Source Files</Filter>
    </ClCompile>
    <ClCompile Include="horizontal_header.cc">
      <Filter>Source Files</Filter>
    </ClCompile>
    <ClCompile Include="horizontal_metrics.cc">
      <Filter>Source Files</Filter>
    </ClCompile>
    <ClCompile Include="index_to_location.cc">
      <Filter>Source Files</Filter>
    </ClCompile>
    <ClCompile Include="maximum_profile.cc">
      <Filter>Source Files</Filter>
    </ClCompile>
    <ClCompile Include="mem_stream.cc">
      <Filter>Source Files</Filter>
    </ClCompile>
    <ClCompile Include="naming_table.cc">
      <Filter>Source Files</Filter>
    </ClCompile>
    <ClCompile Include="os_2_and_windows_metrics.cc">
      <Filter>Source Files</Filter>
    </ClCompile>
    <ClCompile Include="post_script.cc">
      <Filter>Source Files</Filter>
    </ClCompile>
    <ClCompile Include="stdafx.cc">
      <Filter>Source Files</Filter>
    </ClCompile>
    <ClCompile Include="true_type_font.cc">
      <Filter>Source Files</Filter>
    </ClCompile>
    <ClCompile Include="ttf_table.cc">
      <Filter>Source Files</Filter>
    </ClCompile>
    <ClCompile Include="xml_logger.cc">
      <Filter>Source Files</Filter>
    </ClCompile>
  </ItemGroup>
  <ItemGroup>
    <ClInclude Include="character_to_glyph_mapping_table.h">
      <Filter>Header Files</Filter>
    </ClInclude>
    <ClInclude Include="font_header.h">
      <Filter>Header Files</Filter>
    </ClInclude>
    <ClInclude Include="glyph_data.h">
      <Filter>Header Files</Filter>
    </ClInclude>
    <ClInclude Include="horizontal_header.h">
      <Filter>Header Files</Filter>
    </ClInclude>
    <ClInclude Include="horizontal_metrics.h">
      <Filter>Header Files</Filter>
    </ClInclude>
    <ClInclude Include="index_to_location.h">
      <Filter>Header Files</Filter>
    </ClInclude>
    <ClInclude Include="maximum_profile.h">
      <Filter>Header Files</Filter>
    </ClInclude>
    <ClInclude Include="mem_stream.h">
      <Filter>Header Files</Filter>
    </ClInclude>
    <ClInclude Include="naming_table.h">
      <Filter>Header Files</Filter>
    </ClInclude>
    <ClInclude Include="os_2_and_windows_metrics.h">
      <Filter>Header Files</Filter>
    </ClInclude>
    <ClInclude Include="post_script.h">
      <Filter>Header Files</Filter>
    </ClInclude>
    <ClInclude Include="stdafx.h">
      <Filter>Header Files</Filter>
    </ClInclude>
    <ClInclude Include="targetver.h">
      <Filter>Header Files</Filter>
    </ClInclude>
    <ClInclude Include="true_type_font.h">
      <Filter>Header Files</Filter>
    </ClInclude>
    <ClInclude Include="ttf_table.h">
      <Filter>Header Files</Filter>
    </ClInclude>
    <ClInclude Include="type.h">
      <Filter>Header Files</Filter>
    </ClInclude>
    <ClInclude Include="xml_logger.h">
      <Filter>Header Files</Filter>
    </ClInclude>
  </ItemGroup>
</Project>