<?xml version="1.0" encoding="utf-8"?>
<Project ToolsVersion="4.0" xmlns="http://schemas.microsoft.com/developer/msbuild/2003">
  <ItemGroup>
    <Filter Include="Source Files">
      <UniqueIdentifier>{4FC737F1-C7A5-4376-A066-2A32D752A2FF}</UniqueIdentifier>
      <Extensions>cpp;c;cc;cxx;def;odl;idl;hpj;bat;asm;asmx</Extensions>
    </Filter>
    <Filter Include="Header Files">
      <UniqueIdentifier>{93995380-89BD-4b04-88EB-625FBE52EBFB}</UniqueIdentifier>
      <Extensions>h;hpp;hxx;hm;inl;inc;xsd</Extensions>
    </Filter>
    <Filter Include="Resource Files">
      <UniqueIdentifier>{67DA6AB6-F800-4c08-8B7A-83BB121AAD01}</UniqueIdentifier>
      <Extensions>rc;ico;cur;bmp;dlg;rc2;rct;bin;rgs;gif;jpg;jpeg;jpe;resx;tiff;tif;png;wav;mfcribbon-ms</Extensions>
    </Filter>
  </ItemGroup>
  <ItemGroup>
    <ClCompile Include="Post_Script.cpp">
      <Filter>Source Files</Filter>
    </ClCompile>
    <ClCompile Include="stdafx.cpp">
      <Filter>Source Files</Filter>
    </ClCompile>
    <ClCompile Include="True_Type_Font.cpp">
      <Filter>Source Files</Filter>
    </ClCompile>
    <ClCompile Include="TTF Parser APP.cpp">
      <Filter>Source Files</Filter>
    </ClCompile>
    <ClCompile Include="Character_To_Glyph_Mapping_Table.cpp">
      <Filter>Source Files</Filter>
    </ClCompile>
    <ClCompile Include="Font_Header.cpp">
      <Filter>Source Files</Filter>
    </ClCompile>
    <ClCompile Include="Glyph_Data.cpp">
      <Filter>Source Files</Filter>
    </ClCompile>
    <ClCompile Include="Horizontal_Header.cpp">
      <Filter>Source Files</Filter>
    </ClCompile>
    <ClCompile Include="Horizontal_Metrics.cpp">
      <Filter>Source Files</Filter>
    </ClCompile>
    <ClCompile Include="Index_To_Location.cpp">
      <Filter>Source Files</Filter>
    </ClCompile>
    <ClCompile Include="Maximum_Profile.cpp">
      <Filter>Source Files</Filter>
    </ClCompile>
    <ClCompile Include="Naming_Table.cpp">
      <Filter>Source Files</Filter>
    </ClCompile>
    <ClCompile Include="OS_2_And_Windows_Metrics.cpp">
      <Filter>Source Files</Filter>
    </ClCompile>
    <ClCompile Include="TTF_Table.cpp">
      <Filter>Source Files</Filter>
    </ClCompile>
  </ItemGroup>
  <ItemGroup>
    <ClInclude Include="Post_Script.h">
      <Filter>Header Files</Filter>
    </ClInclude>
    <ClInclude Include="stdafx.h">
      <Filter>Header Files</Filter>
    </ClInclude>
    <ClInclude Include="targetver.h">
      <Filter>Header Files</Filter>
    </ClInclude>
    <ClInclude Include="True_Type_Font.h">
      <Filter>Header Files</Filter>
    </ClInclude>
    <ClInclude Include="Type.h">
      <Filter>Header Files</Filter>
    </ClInclude>
    <ClInclude Include="Character_To_Glyph_Mapping_Table.h">
      <Filter>Header Files</Filter>
    </ClInclude>
    <ClInclude Include="Font_Header.h">
      <Filter>Header Files</Filter>
    </ClInclude>
    <ClInclude Include="Glyph_Data.h">
      <Filter>Header Files</Filter>
    </ClInclude>
    <ClInclude Include="Horizontal_Header.h">
      <Filter>Header Files</Filter>
    </ClInclude>
    <ClInclude Include="Horizontal_Metrics.h">
      <Filter>Header Files</Filter>
    </ClInclude>
    <ClInclude Include="Index_To_Location.h">
      <Filter>Header Files</Filter>
    </ClInclude>
    <ClInclude Include="Maximum_Profile.h">
      <Filter>Header Files</Filter>
    </ClInclude>
    <ClInclude Include="Naming_Table.h">
      <Filter>Header Files</Filter>
    </ClInclude>
    <ClInclude Include="OS_2_And_Windows_Metrics.h">
      <Filter>Header Files</Filter>
    </ClInclude>
    <ClInclude Include="TTF_Table.h">
      <Filter>Header Files</Filter>
    </ClInclude>
  </ItemGroup>
  <ItemGroup>
    <None Include="ClassDiagram1.cd" />
  </ItemGroup>
</Project>